dependencies:
  espressif__arduino-foc:
    component_hash: null
    source:
      path: C:\Users\57138\foc_test\components\espressif__arduino-foc
      type: local
    version: 2.3.0~3
  espressif__cmake_utilities:
    component_hash: null
    source:
      path: C:\Users\57138\foc_test\components\espressif__cmake_utilities
      type: local
    version: 0.5.3
  espressif__iqmath:
    component_hash: null
    source:
      path: C:\Users\57138\foc_test\components\espressif__iqmath
      type: local
    version: 1.11.0
  idf:
    component_hash: null
    source:
      type: idf
    version: 5.1.2
manifest_hash: 071cf226cb44438515d761d95e69b2264735b7def50b26737cb5abecd56524c3
target: esp32s3
version: 1.0.0
