dependencies:
  espressif__arduino-foc:
    component_hash: null
    source:
      path: C:\Users\57138\foc_test\components\espressif__arduino-foc
      type: local
    version: 2.3.0~3
  espressif__cmake_utilities:
    component_hash: null
    source:
      path: C:\Users\57138\foc_test\components\espressif__cmake_utilities
      type: local
    version: 0.5.3
  espressif__iqmath:
    component_hash: null
    source:
      path: C:\Users\57138\foc_test\components\espressif__iqmath
      type: local
    version: 1.11.0
  idf:
    component_hash: null
    source:
      type: idf
    version: 5.1.2
  lvgl/lvgl:
    component_hash: d7c1ac037ae6e85d94897f807d6e7ba0946a83e720074fc95a4f6241da9f9f53
    source:
      service_url: https://api.components.espressif.com/
      type: service
    version: 8.4.0
manifest_hash: f2ce4ae2b1c5cd08180bbff7cb685a7cdb843d15abe0164b8a948c738609f013
target: esp32s3
version: 1.0.0
