dependencies:
  espressif/arduino-foc:
    component_hash: 043f369595cdbb18e6f1745d279ae23d9ee87e211c4da4a9ffcd721176ac827b
    source:
      service_url: https://api.components.espressif.com/
      type: service
    version: 2.3.0~3
  espressif__cmake_utilities:
    component_hash: null
    source:
      path: C:\Users\57138\foc_test\components\espressif__cmake_utilities
      type: local
    version: 0.5.3
  espressif__iqmath:
    component_hash: null
    source:
      path: C:\Users\57138\foc_test\components\espressif__iqmath
      type: local
    version: 1.11.0
  idf:
    component_hash: null
    source:
      type: idf
    version: 5.1.2
manifest_hash: 1940cbe839739f97e7bc67e6f1ca8cd6b6c55fb4c78a203f0be056b2f36e959f
target: esp32s3
version: 1.0.0
